<?xml version="1.0" encoding="utf-8"?>
<Project ToolsVersion="4.0" xmlns="http://schemas.microsoft.com/developer/msbuild/2003">
  <ItemGroup>
    <Filter Include="Source Files">
      <UniqueIdentifier>{4FC737F1-C7A5-4376-A066-2A32D752A2FF}</UniqueIdentifier>
      <Extensions>cpp;c;cc;cxx;def;odl;idl;hpj;bat;asm;asmx</Extensions>
    </Filter>
    <Filter Include="Header Files">
      <UniqueIdentifier>{93995380-89BD-4b04-88EB-625FBE52EBFB}</UniqueIdentifier>
      <Extensions>h;hh;hpp;hxx;hm;inl;inc;xsd</Extensions>
    </Filter>
    <Filter Include="Resource Files">
      <UniqueIdentifier>{67DA6AB6-F800-4c08-8B7A-83BB121AAD01}</UniqueIdentifier>
      <Extensions>rc;ico;cur;bmp;dlg;rc2;rct;bin;rgs;gif;jpg;jpeg;jpe;resx;tiff;tif;png;wav;mfcribbon-ms</Extensions>
    </Filter>
  </ItemGroup>
  <ItemGroup>
    <ClInclude Include="Classe.h">
      <Filter>Header Files</Filter>
    </ClInclude>
    <ClInclude Include="Clerigo.h">
      <Filter>Header Files</Filter>
    </ClInclude>
    <ClInclude Include="Mago.h">
      <Filter>Header Files</Filter>
    </ClInclude>
    <ClInclude Include="Conhecimento.h">
      <Filter>Header Files</Filter>
    </ClInclude>
    <ClInclude Include="SacerdoteLuz.h">
      <Filter>Header Files</Filter>
    </ClInclude>
    <ClInclude Include="SacerdoteTrevas.h">
      <Filter>Header Files</Filter>
    </ClInclude>
    <ClInclude Include="Forca.h">
      <Filter>Header Files</Filter>
    </ClInclude>
    <ClInclude Include="Barbaro.h">
      <Filter>Header Files</Filter>
    </ClInclude>
    <ClInclude Include="Bardo.h">
      <Filter>Header Files</Filter>
    </ClInclude>
    <ClInclude Include="Agilidade.h">
      <Filter>Header Files</Filter>
    </ClInclude>
    <ClInclude Include="Ranger.h">
      <Filter>Header Files</Filter>
    </ClInclude>
    <ClInclude Include="Ladino.h">
      <Filter>Header Files</Filter>
    </ClInclude>
  </ItemGroup>
  <ItemGroup>
    <ClCompile Include="Classe.cpp">
      <Filter>Source Files</Filter>
    </ClCompile>
    <ClCompile Include="Source.cpp">
      <Filter>Source Files</Filter>
    </ClCompile>
    <ClCompile Include="Clerigo.cpp">
      <Filter>Source Files</Filter>
    </ClCompile>
    <ClCompile Include="Mago.cpp">
      <Filter>Source Files</Filter>
    </ClCompile>
    <ClCompile Include="Conhecimento.cpp">
      <Filter>Source Files</Filter>
    </ClCompile>
    <ClCompile Include="SacerdoteLuz.cpp">
      <Filter>Source Files</Filter>
    </ClCompile>
    <ClCompile Include="SacerdoteTrevas.cpp">
      <Filter>Source Files</Filter>
    </ClCompile>
    <ClCompile Include="Forca.cpp">
      <Filter>Source Files</Filter>
    </ClCompile>
    <ClCompile Include="Barbaro.cpp">
      <Filter>Source Files</Filter>
    </ClCompile>
    <ClCompile Include="Bardo.cpp">
      <Filter>Source Files</Filter>
    </ClCompile>
    <ClCompile Include="Agilidade.cpp">
      <Filter>Source Files</Filter>
    </ClCompile>
    <ClCompile Include="Ranger.cpp">
      <Filter>Source Files</Filter>
    </ClCompile>
    <ClCompile Include="Ladino.cpp">
      <Filter>Source Files</Filter>
    </ClCompile>
  </ItemGroup>
</Project>