<?xml version="1.0" encoding="utf-8"?>
<Project ToolsVersion="4.0" xmlns="http://schemas.microsoft.com/developer/msbuild/2003">
  <ItemGroup>
    <Filter Include="Arquivos de Origem">
      <UniqueIdentifier>{4FC737F1-C7A5-4376-A066-2A32D752A2FF}</UniqueIdentifier>
      <Extensions>cpp;c;cc;cxx;def;odl;idl;hpj;bat;asm;asmx</Extensions>
    </Filter>
    <Filter Include="Arquivos de Cabeçalho">
      <UniqueIdentifier>{93995380-89BD-4b04-88EB-625FBE52EBFB}</UniqueIdentifier>
      <Extensions>h;hh;hpp;hxx;hm;inl;inc;ipp;xsd</Extensions>
    </Filter>
    <Filter Include="Arquivos de Recurso">
      <UniqueIdentifier>{67DA6AB6-F800-4c08-8B7A-83BB121AAD01}</UniqueIdentifier>
      <Extensions>rc;ico;cur;bmp;dlg;rc2;rct;bin;rgs;gif;jpg;jpeg;jpe;resx;tiff;tif;png;wav;mfcribbon-ms</Extensions>
    </Filter>
  </ItemGroup>
  <ItemGroup>
    <ClCompile Include="..\..\..\..\..\..\OneDrive - Associação Antônio Vieira\_EstruturaDeDados_JD\_20181\E3L2_FPS\Armadura.cpp">
      <Filter>Arquivos de Origem</Filter>
    </ClCompile>
    <ClCompile Include="..\..\..\..\..\..\OneDrive - Associação Antônio Vieira\_EstruturaDeDados_JD\_20181\E3L2_FPS\Armas.cpp">
      <Filter>Arquivos de Origem</Filter>
    </ClCompile>
    <ClCompile Include="..\..\..\..\..\..\OneDrive - Associação Antônio Vieira\_EstruturaDeDados_JD\_20181\E3L2_FPS\Atirador.cpp">
      <Filter>Arquivos de Origem</Filter>
    </ClCompile>
    <ClCompile Include="..\..\..\..\..\..\OneDrive - Associação Antônio Vieira\_EstruturaDeDados_JD\_20181\E3L2_FPS\Carabina.cpp">
      <Filter>Arquivos de Origem</Filter>
    </ClCompile>
    <ClCompile Include="..\..\..\..\..\..\OneDrive - Associação Antônio Vieira\_EstruturaDeDados_JD\_20181\E3L2_FPS\KitMedico.cpp">
      <Filter>Arquivos de Origem</Filter>
    </ClCompile>
    <ClCompile Include="..\..\..\..\..\..\OneDrive - Associação Antônio Vieira\_EstruturaDeDados_JD\_20181\E3L2_FPS\MunCarabina.cpp">
      <Filter>Arquivos de Origem</Filter>
    </ClCompile>
    <ClCompile Include="..\..\..\..\..\..\OneDrive - Associação Antônio Vieira\_EstruturaDeDados_JD\_20181\E3L2_FPS\Municao.cpp">
      <Filter>Arquivos de Origem</Filter>
    </ClCompile>
    <ClCompile Include="..\..\..\..\..\..\OneDrive - Associação Antônio Vieira\_EstruturaDeDados_JD\_20181\E3L2_FPS\MunPistola.cpp">
      <Filter>Arquivos de Origem</Filter>
    </ClCompile>
    <ClCompile Include="..\..\..\..\..\..\OneDrive - Associação Antônio Vieira\_EstruturaDeDados_JD\_20181\E3L2_FPS\MunRifle.cpp">
      <Filter>Arquivos de Origem</Filter>
    </ClCompile>
    <ClCompile Include="..\..\..\..\..\..\OneDrive - Associação Antônio Vieira\_EstruturaDeDados_JD\_20181\E3L2_FPS\Pistola.cpp">
      <Filter>Arquivos de Origem</Filter>
    </ClCompile>
    <ClCompile Include="..\..\..\..\..\..\OneDrive - Associação Antônio Vieira\_EstruturaDeDados_JD\_20181\E3L2_FPS\Rifle.cpp">
      <Filter>Arquivos de Origem</Filter>
    </ClCompile>
    <ClCompile Include="..\..\..\..\..\..\OneDrive - Associação Antônio Vieira\_EstruturaDeDados_JD\_20181\E3L2_FPS\FPS.cpp">
      <Filter>Arquivos de Recurso</Filter>
    </ClCompile>
  </ItemGroup>
  <ItemGroup>
    <ClInclude Include="..\..\..\..\..\..\OneDrive - Associação Antônio Vieira\_EstruturaDeDados_JD\_20181\E3L2_FPS\Armadura.h">
      <Filter>Arquivos de Cabeçalho</Filter>
    </ClInclude>
    <ClInclude Include="..\..\..\..\..\..\OneDrive - Associação Antônio Vieira\_EstruturaDeDados_JD\_20181\E3L2_FPS\Armas.h">
      <Filter>Arquivos de Cabeçalho</Filter>
    </ClInclude>
    <ClInclude Include="..\..\..\..\..\..\OneDrive - Associação Antônio Vieira\_EstruturaDeDados_JD\_20181\E3L2_FPS\Atirador.h">
      <Filter>Arquivos de Cabeçalho</Filter>
    </ClInclude>
    <ClInclude Include="..\..\..\..\..\..\OneDrive - Associação Antônio Vieira\_EstruturaDeDados_JD\_20181\E3L2_FPS\Carabina.h">
      <Filter>Arquivos de Cabeçalho</Filter>
    </ClInclude>
    <ClInclude Include="..\..\..\..\..\..\OneDrive - Associação Antônio Vieira\_EstruturaDeDados_JD\_20181\E3L2_FPS\KitMedico.h">
      <Filter>Arquivos de Cabeçalho</Filter>
    </ClInclude>
    <ClInclude Include="..\..\..\..\..\..\OneDrive - Associação Antônio Vieira\_EstruturaDeDados_JD\_20181\E3L2_FPS\MunCarabina.h">
      <Filter>Arquivos de Cabeçalho</Filter>
    </ClInclude>
    <ClInclude Include="..\..\..\..\..\..\OneDrive - Associação Antônio Vieira\_EstruturaDeDados_JD\_20181\E3L2_FPS\Municao.h">
      <Filter>Arquivos de Cabeçalho</Filter>
    </ClInclude>
    <ClInclude Include="..\..\..\..\..\..\OneDrive - Associação Antônio Vieira\_EstruturaDeDados_JD\_20181\E3L2_FPS\MunPistola.h">
      <Filter>Arquivos de Cabeçalho</Filter>
    </ClInclude>
    <ClInclude Include="..\..\..\..\..\..\OneDrive - Associação Antônio Vieira\_EstruturaDeDados_JD\_20181\E3L2_FPS\MunRifle.h">
      <Filter>Arquivos de Cabeçalho</Filter>
    </ClInclude>
    <ClInclude Include="..\..\..\..\..\..\OneDrive - Associação Antônio Vieira\_EstruturaDeDados_JD\_20181\E3L2_FPS\Pistola.h">
      <Filter>Arquivos de Cabeçalho</Filter>
    </ClInclude>
    <ClInclude Include="..\..\..\..\..\..\OneDrive - Associação Antônio Vieira\_EstruturaDeDados_JD\_20181\E3L2_FPS\Rifle.h">
      <Filter>Arquivos de Cabeçalho</Filter>
    </ClInclude>
  </ItemGroup>
</Project>