
Microsoft Visual Studio Solution File, Format Version 12.00
# Visual Studio 15
VisualStudioVersion = 15.0.28010.0
MinimumVisualStudioVersion = 10.0.40219.1
Project("{8BC9CEB8-8B4A-11D0-8D11-00A0C91BC942}") = "RodrigoZwetsch_Lis_3_Ex_3", "RodrigoZwetsch_Lis_3_Ex_3\RodrigoZwetsch_Lis_3_Ex_3.vcxproj", "{52509DB0-BD2B-49D4-A76B-2A26BE6B9766}"
EndProject
Global
	GlobalSection(SolutionConfigurationPlatforms) = preSolution
		Debug|x64 = Debug|x64
		Debug|x86 = Debug|x86
		Release|x64 = Release|x64
		Release|x86 = Release|x86
	EndGlobalSection
	GlobalSection(ProjectConfigurationPlatforms) = postSolution
		{52509DB0-BD2B-49D4-A76B-2A26BE6B9766}.Debug|x64.ActiveCfg = Debug|x64
		{52509DB0-BD2B-49D4-A76B-2A26BE6B9766}.Debug|x64.Build.0 = Debug|x64
		{52509DB0-BD2B-49D4-A76B-2A26BE6B9766}.Debug|x86.ActiveCfg = Debug|Win32
		{52509DB0-BD2B-49D4-A76B-2A26BE6B9766}.Debug|x86.Build.0 = Debug|Win32
		{52509DB0-BD2B-49D4-A76B-2A26BE6B9766}.Release|x64.ActiveCfg = Release|x64
		{52509DB0-BD2B-49D4-A76B-2A26BE6B9766}.Release|x64.Build.0 = Release|x64
		{52509DB0-BD2B-49D4-A76B-2A26BE6B9766}.Release|x86.ActiveCfg = Release|Win32
		{52509DB0-BD2B-49D4-A76B-2A26BE6B9766}.Release|x86.Build.0 = Release|Win32
	EndGlobalSection
	GlobalSection(SolutionProperties) = preSolution
		HideSolutionNode = FALSE
	EndGlobalSection
	GlobalSection(ExtensibilityGlobals) = postSolution
		SolutionGuid = {BB5A579E-4F19-4D43-8BE3-FE717B0BC9AD}
	EndGlobalSection
EndGlobal
